{
    "requires": true,
    "lockfileVersion": 1,
    "dependencies": {
        "async-limiter": {
            "version": "1.0.0",
            "resolved": "https://registry.npmjs.org/async-limiter/-/async-limiter-1.0.0.tgz",
            "integrity": "sha512-jp/uFnooOiO+L211eZOoSyzpOITMXx1rBITauYykG3BRYPu8h0UcxsPNB04RR5vo4Tyz3+ay17tR6JVf9qzYWg=="
        },
        "asynckit": {
            "version": "0.4.0",
            "resolved": "https://registry.npmjs.org/asynckit/-/asynckit-0.4.0.tgz",
            "integrity": "sha1-x57Zf380y48robyXkLzDZkdLS3k="
        },
        "bindings": {
            "version": "1.3.0",
            "resolved": "https://registry.npmjs.org/bindings/-/bindings-1.3.0.tgz",
            "integrity": "sha512-DpLh5EzMR2kzvX1KIlVC0VkC3iZtHKTgdtZ0a3pglBZdaQFjt5S9g9xd1lE+YvXyfd6mtCeRnrUfOLYiTMlNSw=="
        },
        "combined-stream": {
            "version": "1.0.5",
            "resolved": "https://registry.npmjs.org/combined-stream/-/combined-stream-1.0.5.tgz",
            "integrity": "sha1-k4NwpXtKUd6ix3wV1cX9+JUWQAk=",
            "requires": {
                "delayed-stream": "1.0.0"
            }
        },
        "commander": {
            "version": "2.12.1",
            "resolved": "https://registry.npmjs.org/commander/-/commander-2.12.1.tgz",
            "integrity": "sha512-PCNLExLlI5HiPdaJs4pMXwOTHkSCpNQ1QJH9ykZLKtKEyKu3p9HgmH5l97vM8c0IUz6d54l+xEu2GG9yuYrFzA=="
        },
        "component-emitter": {
            "version": "1.2.1",
            "resolved": "https://registry.npmjs.org/component-emitter/-/component-emitter-1.2.1.tgz",
            "integrity": "sha1-E3kY1teCg/ffemt8WmPhQOaUJeY="
        },
        "cookiejar": {
            "version": "2.1.1",
            "resolved": "https://registry.npmjs.org/cookiejar/-/cookiejar-2.1.1.tgz",
            "integrity": "sha1-Qa1XsbVVlR7BcUEqgZQrHoIA00o="
        },
        "core-util-is": {
            "version": "1.0.2",
            "resolved": "https://registry.npmjs.org/core-util-is/-/core-util-is-1.0.2.tgz",
            "integrity": "sha1-tf1UIgqivFq1eqtxQMlAdUUDwac="
        },
        "debug": {
            "version": "2.6.9",
            "resolved": "https://registry.npmjs.org/debug/-/debug-2.6.9.tgz",
            "integrity": "sha512-bC7ElrdJaJnPbAP+1EotYvqZsb3ecl5wi6Bfi6BJTUcNowp6cvspg0jXznRTKDjm/E7AdgFBVeAPVMNcKGsHMA==",
            "requires": {
                "ms": "2.0.0"
            }
        },
        "delayed-stream": {
            "version": "1.0.0",
            "resolved": "https://registry.npmjs.org/delayed-stream/-/delayed-stream-1.0.0.tgz",
            "integrity": "sha1-3zrhmayt+31ECqrgsp4icrJOxhk="
        },
        "discord.js": {
            "version": "github:hydrabolt/discord.js#aaa92c0b05f6b4abadeaa74b7acce626acca030b",
            "requires": {
                "pako": "1.0.6",
                "prism-media": "0.0.2",
                "snekfetch": "3.5.8",
                "tweetnacl": "1.0.0",
                "ws": "3.3.2"
            }
        },
        "encoding": {
            "version": "0.1.12",
            "resolved": "https://registry.npmjs.org/encoding/-/encoding-0.1.12.tgz",
            "integrity": "sha1-U4tm8+5izRq1HsMjgp0flIDHS+s=",
            "requires": {
                "iconv-lite": "0.4.19"
            }
        },
        "erlpack": {
            "version": "github:hammerandchisel/erlpack#674ebfd3439ba4b7ce616709821d27630f7cdc61",
            "requires": {
                "bindings": "1.3.0",
                "nan": "2.8.0"
            }
        },
        "extend": {
            "version": "3.0.1",
            "resolved": "https://registry.npmjs.org/extend/-/extend-3.0.1.tgz",
            "integrity": "sha1-p1Xqe8Gt/MWjHOfnYtuq3F5jZEQ="
        },
        "form-data": {
            "version": "2.3.1",
            "resolved": "https://registry.npmjs.org/form-data/-/form-data-2.3.1.tgz",
            "integrity": "sha1-b7lPvXGIUwbXPRXMSX/kzE7NRL8=",
            "requires": {
                "asynckit": "0.4.0",
                "combined-stream": "1.0.5",
                "mime-types": "2.1.17"
            }
        },
        "formidable": {
            "version": "1.1.1",
            "resolved": "https://registry.npmjs.org/formidable/-/formidable-1.1.1.tgz",
            "integrity": "sha1-lriIb3w8NQi5Mta9cMTTqI818ak="
        },
        "graceful-fs": {
            "version": "4.1.11",
            "resolved": "https://registry.npmjs.org/graceful-fs/-/graceful-fs-4.1.11.tgz",
            "integrity": "sha1-Dovf5NHduIVNZOBOp8AOKgJuVlg=",
            "optional": true
        },
        "html-entities": {
            "version": "1.2.1",
            "resolved": "https://registry.npmjs.org/html-entities/-/html-entities-1.2.1.tgz",
            "integrity": "sha1-DfKTUfByEWNRXfueVUPl9u7VFi8="
        },
        "iconv-lite": {
            "version": "0.4.19",
            "resolved": "https://registry.npmjs.org/iconv-lite/-/iconv-lite-0.4.19.tgz",
            "integrity": "sha512-oTZqweIP51xaGPI4uPa56/Pri/480R+mo7SeU+YETByQNhDG55ycFyNLIgta9vXhILrxXDmF7ZGhqZIcuN0gJQ=="
        },
        "inherits": {
            "version": "2.0.3",
            "resolved": "https://registry.npmjs.org/inherits/-/inherits-2.0.3.tgz",
            "integrity": "sha1-Yzwsg+PaQqUC9SRmAiSA9CCCYd4="
        },
        "is-stream": {
            "version": "1.1.0",
            "resolved": "https://registry.npmjs.org/is-stream/-/is-stream-1.1.0.tgz",
            "integrity": "sha1-EtSj3U5o4Lec6428hBc66A2RykQ="
        },
        "isarray": {
            "version": "1.0.0",
            "resolved": "https://registry.npmjs.org/isarray/-/isarray-1.0.0.tgz",
            "integrity": "sha1-u5NdSFgsuhaMBoNJV6VKPgcSTxE="
        },
        "iso8601-duration": {
            "version": "1.1.1",
            "resolved": "https://registry.npmjs.org/iso8601-duration/-/iso8601-duration-1.1.1.tgz",
            "integrity": "sha512-dE/f+GO/ptSFgsM7ccVOYb/82PdCrSAHdmFZgAKwdoUWq8NHg5ygohklQBqVoqcN+CHPwE+f+pWuu2HZPnBU/Q=="
        },
        "klaw": {
            "version": "1.3.1",
            "resolved": "https://registry.npmjs.org/klaw/-/klaw-1.3.1.tgz",
            "integrity": "sha1-QIhDO0azsbolnXh4XY6W9zugJDk=",
            "requires": {
                "graceful-fs": "4.1.11"
            }
        },
        "m3u8stream": {
            "version": "0.2.1",
            "resolved": "https://registry.npmjs.org/m3u8stream/-/m3u8stream-0.2.1.tgz",
            "integrity": "sha512-kESIvCcoDOZ2ozD6wGxB962E24nPLDTezIBdqfJH1HxoY/dMTRFXOfq7sXtqPQM3nQihKXlv6pYmUpf01S/tVQ==",
            "requires": {
                "miniget": "1.1.0"
            }
        },
        "methods": {
            "version": "1.1.2",
            "resolved": "https://registry.npmjs.org/methods/-/methods-1.1.2.tgz",
            "integrity": "sha1-VSmk1nZUE07cxSZmVoNbD4Ua/O4="
        },
        "mime": {
            "version": "1.5.0",
            "resolved": "https://registry.npmjs.org/mime/-/mime-1.5.0.tgz",
            "integrity": "sha512-v/jMDoK/qKptnTuC3YUNbIj8uUYvTCIHzVu9BHldKSWja48wusAtfjlcBlqnFrqClu3yf69ScDxBPrIyFnF51g=="
        },
        "mime-db": {
            "version": "1.30.0",
            "resolved": "https://registry.npmjs.org/mime-db/-/mime-db-1.30.0.tgz",
            "integrity": "sha1-dMZD2i3Z1qRTmZY0ZbJtXKfXHwE="
        },
        "mime-types": {
            "version": "2.1.17",
            "resolved": "https://registry.npmjs.org/mime-types/-/mime-types-2.1.17.tgz",
            "integrity": "sha1-Cdejk/A+mVp5+K+Fe3Cp4KsWVXo=",
            "requires": {
                "mime-db": "1.30.0"
            }
        },
        "miniget": {
            "version": "1.1.0",
            "resolved": "https://registry.npmjs.org/miniget/-/miniget-1.1.0.tgz",
            "integrity": "sha512-ICBPQWEoz19eyPHbXLkvjPi62xLhz2irltks35NCYqzYHO0/35IbAaBP3Bbc4VgAwmloIPEpK7CO4/omOiUfDg=="
        },
        "ms": {
            "version": "2.0.0",
            "resolved": "https://registry.npmjs.org/ms/-/ms-2.0.0.tgz",
            "integrity": "sha1-VgiurfwAvmwpAd9fmGF4jeDVl8g="
        },
        "nan": {
            "version": "2.8.0",
            "resolved": "https://registry.npmjs.org/nan/-/nan-2.8.0.tgz",
            "integrity": "sha1-7XFfP+neArV6XmJS2QqWZ14fCFo="
        },
        "node-fetch": {
            "version": "1.7.3",
            "resolved": "https://registry.npmjs.org/node-fetch/-/node-fetch-1.7.3.tgz",
            "integrity": "sha512-NhZ4CsKx7cYm2vSrBAr2PvFOe6sWDf0UYLRqA6svUYg7+/TSfVAu49jYC4BvQ4Sms9SZgdqGBgroqfDhJdTyKQ==",
            "requires": {
                "encoding": "0.1.12",
                "is-stream": "1.1.0"
            }
        },
        "node-opus": {
            "version": "github:rantanen/node-opus#6f9bc4937b0ce1bf3d84a7b9b23c637c6d223302",
            "requires": {
                "bindings": "1.2.1",
                "commander": "2.12.1",
                "nan": "2.8.0",
                "ogg-packet": "1.0.0"
            },
            "dependencies": {
                "bindings": {
                    "version": "1.2.1",
                    "resolved": "https://registry.npmjs.org/bindings/-/bindings-1.2.1.tgz",
                    "integrity": "sha1-FK1hE4EtLTfXLme0ystLtyZQXxE="
                }
            }
        },
        "ogg-packet": {
            "version": "1.0.0",
            "resolved": "https://registry.npmjs.org/ogg-packet/-/ogg-packet-1.0.0.tgz",
            "integrity": "sha1-RbiFchrI991c8iOR1CEGrlM6xng=",
            "optional": true,
            "requires": {
                "ref-struct": "1.1.0"
            }
        },
        "pako": {
            "version": "1.0.6",
            "resolved": "https://registry.npmjs.org/pako/-/pako-1.0.6.tgz",
            "integrity": "sha512-lQe48YPsMJAig+yngZ87Lus+NF+3mtu7DVOBu6b/gHO1YpKwIj5AWjZ/TOS7i46HD/UixzWb1zeWDZfGZ3iYcg=="
        },
        "prism-media": {
            "version": "0.0.2",
            "resolved": "https://registry.npmjs.org/prism-media/-/prism-media-0.0.2.tgz",
            "integrity": "sha512-L6yc8P5NVG35ivzvfI7bcTYzqFV+K8gTfX9YaJbmIFfMXTs71RMnAupvTQPTCteGsiOy9QcNLkQyWjAafY/hCQ=="
        },
        "process-nextick-args": {
            "version": "1.0.7",
            "resolved": "https://registry.npmjs.org/process-nextick-args/-/process-nextick-args-1.0.7.tgz",
            "integrity": "sha1-FQ4gt1ZZCtP5EJPyWk8q2L/zC6M="
        },
        "qs": {
            "version": "6.5.1",
            "resolved": "https://registry.npmjs.org/qs/-/qs-6.5.1.tgz",
            "integrity": "sha512-eRzhrN1WSINYCDCbrz796z37LOe3m5tmW7RQf6oBntukAG1nmovJvhnwHHRMAfeoItc1m2Hk02WER2aQ/iqs+A=="
        },
        "readable-stream": {
            "version": "2.3.3",
            "resolved": "https://registry.npmjs.org/readable-stream/-/readable-stream-2.3.3.tgz",
            "integrity": "sha512-m+qzzcn7KUxEmd1gMbchF+Y2eIUbieUaxkWtptyHywrX0rE8QEYqPC07Vuy4Wm32/xE16NcdBctb8S0Xe/5IeQ==",
            "requires": {
                "core-util-is": "1.0.2",
                "inherits": "2.0.3",
                "isarray": "1.0.0",
                "process-nextick-args": "1.0.7",
                "safe-buffer": "5.1.1",
                "string_decoder": "1.0.3",
                "util-deprecate": "1.0.2"
            }
        },
        "ref": {
            "version": "1.3.5",
            "resolved": "https://registry.npmjs.org/ref/-/ref-1.3.5.tgz",
            "integrity": "sha512-2cBCniTtxcGUjDpvFfVpw323a83/0RLSGJJY5l5lcomZWhYpU2cuLdsvYqMixvsdLJ9+sTdzEkju8J8ZHDM2nA==",
            "optional": true,
            "requires": {
                "bindings": "1.3.0",
                "debug": "2.6.9",
                "nan": "2.8.0"
            }
        },
        "ref-struct": {
            "version": "1.1.0",
            "resolved": "https://registry.npmjs.org/ref-struct/-/ref-struct-1.1.0.tgz",
            "integrity": "sha1-XV7mWtQc78Olxf60BYcmHkee3BM=",
            "optional": true,
            "requires": {
                "debug": "2.6.9",
                "ref": "1.3.5"
            }
        },
        "safe-buffer": {
            "version": "5.1.1",
            "resolved": "https://registry.npmjs.org/safe-buffer/-/safe-buffer-5.1.1.tgz",
            "integrity": "sha512-kKvNJn6Mm93gAczWVJg7wH+wGYWNrDHdWvpUmHyEsgCtIwwo3bqPtV4tR5tuPaUhTOo/kvhVwd8XwwOllGYkbg=="
        },
        "sax": {
            "version": "1.2.4",
            "resolved": "https://registry.npmjs.org/sax/-/sax-1.2.4.tgz",
            "integrity": "sha512-NqVDv9TpANUjFm0N8uM5GxL36UgKi9/atZw+x7YFnQ8ckwFGKrl4xX4yWtrey3UJm5nP1kUbnYgLopqWNSRhWw=="
        },
        "simple-youtube-api": {
            "version": "github:hypercoder2975/simple-youtube-api#0ba4a24f3f61b70ed8f9a6a84a078b609cd4efe9",
            "requires": {
                "iso8601-duration": "1.1.1",
                "node-fetch": "1.7.3"
            }
        },
        "simple-youtube-stream": {
            "version": "github:hypercoder2975/simple-youtube-stream#a08aecacc449996d72a5ba1c2b3b6ad8596356ac",
            "requires": {
                "superagent": "3.8.1"
            }
        },
        "snekfetch": {
            "version": "3.5.8",
            "resolved": "https://registry.npmjs.org/snekfetch/-/snekfetch-3.5.8.tgz",
            "integrity": "sha512-osq7soqKBObV4u/WE9tGQT/m5JdqTU1PWVPcT0We3sKZ99h9QA7wSj7ZWrwEwgRbELeO5BrVCanYjDYtVYcwrQ=="
        },
        "string_decoder": {
            "version": "1.0.3",
            "resolved": "https://registry.npmjs.org/string_decoder/-/string_decoder-1.0.3.tgz",
            "integrity": "sha512-4AH6Z5fzNNBcH+6XDMfA/BTt87skxqJlO0lAh3Dker5zThcAxG6mKz+iGu308UKoPPQ8Dcqx/4JhujzltRa+hQ==",
            "requires": {
                "safe-buffer": "5.1.1"
            }
        },
        "superagent": {
            "version": "3.8.1",
            "resolved": "https://registry.npmjs.org/superagent/-/superagent-3.8.1.tgz",
            "integrity": "sha512-VMBFLYgFuRdfeNQSMLbxGSLfmXL/xc+OO+BZp41Za/NRDBet/BNbkRJrYzCUu0u4GU0i/ml2dtT8b9qgkw9z6Q==",
            "requires": {
                "component-emitter": "1.2.1",
                "cookiejar": "2.1.1",
                "debug": "3.1.0",
                "extend": "3.0.1",
                "form-data": "2.3.1",
                "formidable": "1.1.1",
                "methods": "1.1.2",
                "mime": "1.5.0",
                "qs": "6.5.1",
                "readable-stream": "2.3.3"
            },
            "dependencies": {
                "debug": {
                    "version": "3.1.0",
                    "resolved": "https://registry.npmjs.org/debug/-/debug-3.1.0.tgz",
                    "integrity": "sha512-OX8XqP7/1a9cqkxYw2yXss15f26NKWBpDXQd0/uK/KPqdQhxbPa994hnzjcE2VqQpDslf55723cKPUOGSmMY3g==",
                    "requires": {
                        "ms": "2.0.0"
                    }
                }
            }
        },
        "tweetnacl": {
            "version": "1.0.0",
            "resolved": "https://registry.npmjs.org/tweetnacl/-/tweetnacl-1.0.0.tgz",
            "integrity": "sha1-cT2LgY2kIGh0C/aDhtBHnmb8ins="
        },
        "ultron": {
            "version": "1.1.1",
            "resolved": "https://registry.npmjs.org/ultron/-/ultron-1.1.1.tgz",
            "integrity": "sha512-UIEXBNeYmKptWH6z8ZnqTeS8fV74zG0/eRU9VGkpzz+LIJNs8W/zM/L+7ctCkRrgbNnnR0xxw4bKOr0cW0N0Og=="
        },
        "util-deprecate": {
            "version": "1.0.2",
            "resolved": "https://registry.npmjs.org/util-deprecate/-/util-deprecate-1.0.2.tgz",
            "integrity": "sha1-RQ1Nyfpw3nMnYvvS1KKJgUGaDM8="
        },
        "ws": {
            "version": "3.3.2",
            "resolved": "https://registry.npmjs.org/ws/-/ws-3.3.2.tgz",
            "integrity": "sha512-t+WGpsNxhMR4v6EClXS8r8km5ZljKJzyGhJf7goJz9k5Ye3+b5Bvno5rjqPuIBn5mnn5GBb7o8IrIWHxX1qOLQ==",
            "requires": {
                "async-limiter": "1.0.0",
                "safe-buffer": "5.1.1",
                "ultron": "1.1.1"
            }
        },
        "ytdl-core": {
            "version": "github:fent/node-ytdl-core#a2d8b7e41e2514d77ae58af3c8a4d5343f2f4465",
            "requires": {
                "html-entities": "1.2.1",
                "m3u8stream": "0.2.1",
                "miniget": "1.1.0",
                "sax": "1.2.4"
            }
        }
    }
}
